
Microsoft Visual Studio Solution File, Format Version 12.00
# Visual Studio 15
VisualStudioVersion = 15.0.26403.0
MinimumVisualStudioVersion = 10.0.40219.1
Project("{FAE04EC0-301F-11D3-BF4B-00C04F79EFBC}") = "DBConnection", "DBConnection\DBConnection.csproj", "{63E75C91-64DA-4EAF-8175-68A51A6F607A}"
EndProject
Project("{00D1A9C2-B5F0-4AF3-8072-F6C62B433612}") = "DependencyDBTests", "TestDatabase\DependencyDBTests.sqlproj", "{70C1B0DE-1475-44AC-A8A8-A00F5950CB5D}"
EndProject
Project("{FAE04EC0-301F-11D3-BF4B-00C04F79EFBC}") = "DBConnectionTests", "DependencyDBTests\DBConnectionTests.csproj", "{062F8929-6508-474D-98B2-062B448558E7}"
EndProject
Global
	GlobalSection(SolutionConfigurationPlatforms) = preSolution
		Debug|Any CPU = Debug|Any CPU
		Release|Any CPU = Release|Any CPU
	EndGlobalSection
	GlobalSection(ProjectConfigurationPlatforms) = postSolution
		{63E75C91-64DA-4EAF-8175-68A51A6F607A}.Debug|Any CPU.ActiveCfg = Debug|Any CPU
		{63E75C91-64DA-4EAF-8175-68A51A6F607A}.Debug|Any CPU.Build.0 = Debug|Any CPU
		{63E75C91-64DA-4EAF-8175-68A51A6F607A}.Release|Any CPU.ActiveCfg = Release|Any CPU
		{63E75C91-64DA-4EAF-8175-68A51A6F607A}.Release|Any CPU.Build.0 = Release|Any CPU
		{70C1B0DE-1475-44AC-A8A8-A00F5950CB5D}.Debug|Any CPU.ActiveCfg = Debug|Any CPU
		{70C1B0DE-1475-44AC-A8A8-A00F5950CB5D}.Debug|Any CPU.Build.0 = Debug|Any CPU
		{70C1B0DE-1475-44AC-A8A8-A00F5950CB5D}.Debug|Any CPU.Deploy.0 = Debug|Any CPU
		{70C1B0DE-1475-44AC-A8A8-A00F5950CB5D}.Release|Any CPU.ActiveCfg = Release|Any CPU
		{70C1B0DE-1475-44AC-A8A8-A00F5950CB5D}.Release|Any CPU.Build.0 = Release|Any CPU
		{70C1B0DE-1475-44AC-A8A8-A00F5950CB5D}.Release|Any CPU.Deploy.0 = Release|Any CPU
		{062F8929-6508-474D-98B2-062B448558E7}.Debug|Any CPU.ActiveCfg = Debug|Any CPU
		{062F8929-6508-474D-98B2-062B448558E7}.Debug|Any CPU.Build.0 = Debug|Any CPU
		{062F8929-6508-474D-98B2-062B448558E7}.Release|Any CPU.ActiveCfg = Release|Any CPU
		{062F8929-6508-474D-98B2-062B448558E7}.Release|Any CPU.Build.0 = Release|Any CPU
	EndGlobalSection
	GlobalSection(SolutionProperties) = preSolution
		HideSolutionNode = FALSE
	EndGlobalSection
EndGlobal
